# This file is automatically @generated by Cargo.
# It is not intended for manual editing.
[[package]]
name = "ch1_0001_peasant_multiplication"
version = "0.1.0"

[[package]]
name = "ch1_002_tower_of_hanoi"
version = "0.1.0"

[[package]]
name = "ch1_003_mergesort"
version = "0.1.0"

[[package]]
name = "ch1_004_quicksort"
version = "0.1.0"

[[package]]
name = "ch1_005_quickselect"
version = "0.1.0"

[[package]]
name = "ch2_001_n_queens"
version = "0.1.0"

[[package]]
name = "ch3_004_edit_distance"
version = "0.1.0"

